// !$*UTF8*$!
{
	archiveVersion = 1;
	classes = {
	};
	objectVersion = 56;
	objects = {

/* Begin PBXBuildFile section */
		8ABB22502B870216004D2DCD /* AppDelegate.swift in Sources */ = {isa = PBXBuildFile; fileRef = 8ABB224F2B870216004D2DCD /* AppDelegate.swift */; };
		8ABB22522B870216004D2DCD /* SceneDelegate.swift in Sources */ = {isa = PBXBuildFile; fileRef = 8ABB22512B870216004D2DCD /* SceneDelegate.swift */; };
		8ABB22542B870216004D2DCD /* ViewController.swift in Sources */ = {isa = PBXBuildFile; fileRef = 8ABB22532B870216004D2DCD /* ViewController.swift */; };
		8ABB22592B870217004D2DCD /* Assets.xcassets in Resources */ = {isa = PBXBuildFile; fileRef = 8ABB22582B870217004D2DCD /* Assets.xcassets */; };
		8ABB22652B88AC54004D2DCD /* SnapKit in Frameworks */ = {isa = PBXBuildFile; productRef = 8ABB22642B88AC54004D2DCD /* SnapKit */; };
		8ABB226B2B88CF1E004D2DCD /* Blinker-SemiBold.ttf in Resources */ = {isa = PBXBuildFile; fileRef = 8ABB22672B88C6AC004D2DCD /* Blinker-SemiBold.ttf */; };
		8ABB22722B88DDC3004D2DCD /* CustomTextField.swift in Sources */ = {isa = PBXBuildFile; fileRef = 8ABB22712B88DDC3004D2DCD /* CustomTextField.swift */; };
		8ABB22742B88E1BC004D2DCD /* Blinker-Regular.ttf in Resources */ = {isa = PBXBuildFile; fileRef = 8ABB22732B88E1BC004D2DCD /* Blinker-Regular.ttf */; };
		8ABB22782B8922E2004D2DCD /* CustomButton.swift in Sources */ = {isa = PBXBuildFile; fileRef = 8ABB22772B8922E2004D2DCD /* CustomButton.swift */; };
/* End PBXBuildFile section */

/* Begin PBXFileReference section */
		8ABB224C2B870216004D2DCD /* iOS-HW10 Rustem Usserov.app */ = {isa = PBXFileReference; explicitFileType = wrapper.application; includeInIndex = 0; path = "iOS-HW10 Rustem Usserov.app"; sourceTree = BUILT_PRODUCTS_DIR; };
		8ABB224F2B870216004D2DCD /* AppDelegate.swift */ = {isa = PBXFileReference; lastKnownFileType = sourcecode.swift; path = AppDelegate.swift; sourceTree = "<group>"; };
		8ABB22512B870216004D2DCD /* SceneDelegate.swift */ = {isa = PBXFileReference; lastKnownFileType = sourcecode.swift; path = SceneDelegate.swift; sourceTree = "<group>"; };
		8ABB22532B870216004D2DCD /* ViewController.swift */ = {isa = PBXFileReference; lastKnownFileType = sourcecode.swift; path = ViewController.swift; sourceTree = "<group>"; };
		8ABB22582B870217004D2DCD /* Assets.xcassets */ = {isa = PBXFileReference; lastKnownFileType = folder.assetcatalog; path = Assets.xcassets; sourceTree = "<group>"; };
		8ABB225D2B870217004D2DCD /* Info.plist */ = {isa = PBXFileReference; lastKnownFileType = text.plist.xml; path = Info.plist; sourceTree = "<group>"; };
		8ABB22672B88C6AC004D2DCD /* Blinker-SemiBold.ttf */ = {isa = PBXFileReference; lastKnownFileType = file; name = "Blinker-SemiBold.ttf"; path = "iOS-HW10 Rustem Usserov/Fonts/Blinker-SemiBold.ttf"; sourceTree = SOURCE_ROOT; };
		8ABB22712B88DDC3004D2DCD /* CustomTextField.swift */ = {isa = PBXFileReference; lastKnownFileType = sourcecode.swift; path = CustomTextField.swift; sourceTree = "<group>"; };
		8ABB22732B88E1BC004D2DCD /* Blinker-Regular.ttf */ = {isa = PBXFileReference; lastKnownFileType = file; path = "Blinker-Regular.ttf"; sourceTree = "<group>"; };
		8ABB22772B8922E2004D2DCD /* CustomButton.swift */ = {isa = PBXFileReference; lastKnownFileType = sourcecode.swift; path = CustomButton.swift; sourceTree = "<group>"; };
/* End PBXFileReference section */

/* Begin PBXFrameworksBuildPhase section */
		8ABB22492B870216004D2DCD /* Frameworks */ = {
			isa = PBXFrameworksBuildPhase;
			buildActionMask = 2147483647;
			files = (
				8ABB22652B88AC54004D2DCD /* SnapKit in Frameworks */,
			);
			runOnlyForDeploymentPostprocessing = 0;
		};
/* End PBXFrameworksBuildPhase section */

/* Begin PBXGroup section */
		8ABB22432B870216004D2DCD = {
			isa = PBXGroup;
			children = (
				8ABB224E2B870216004D2DCD /* iOS-HW10 Rustem Usserov */,
				8ABB224D2B870216004D2DCD /* Products */,
			);
			sourceTree = "<group>";
		};
		8ABB224D2B870216004D2DCD /* Products */ = {
			isa = PBXGroup;
			children = (
				8ABB224C2B870216004D2DCD /* iOS-HW10 Rustem Usserov.app */,
			);
			name = Products;
			sourceTree = "<group>";
		};
		8ABB224E2B870216004D2DCD /* iOS-HW10 Rustem Usserov */ = {
			isa = PBXGroup;
			children = (
				8ABB224F2B870216004D2DCD /* AppDelegate.swift */,
				8ABB22512B870216004D2DCD /* SceneDelegate.swift */,
				8ABB22532B870216004D2DCD /* ViewController.swift */,
				8ABB22582B870217004D2DCD /* Assets.xcassets */,
				8ABB225D2B870217004D2DCD /* Info.plist */,
				8ABB22662B88C645004D2DCD /* Fonts */,
				8ABB22712B88DDC3004D2DCD /* CustomTextField.swift */,
				8ABB22772B8922E2004D2DCD /* CustomButton.swift */,
			);
			path = "iOS-HW10 Rustem Usserov";
			sourceTree = "<group>";
		};
		8ABB22662B88C645004D2DCD /* Fonts */ = {
			isa = PBXGroup;
			children = (
				8ABB22732B88E1BC004D2DCD /* Blinker-Regular.ttf */,
				8ABB22672B88C6AC004D2DCD /* Blinker-SemiBold.ttf */,
			);
			path = Fonts;
			sourceTree = "<group>";
		};
/* End PBXGroup section */

/* Begin PBXNativeTarget section */
		8ABB224B2B870216004D2DCD /* iOS-HW10 Rustem Usserov */ = {
			isa = PBXNativeTarget;
			buildConfigurationList = 8ABB22602B870217004D2DCD /* Build configuration list for PBXNativeTarget "iOS-HW10 Rustem Usserov" */;
			buildPhases = (
				8ABB22482B870216004D2DCD /* Sources */,
				8ABB22492B870216004D2DCD /* Frameworks */,
				8ABB224A2B870216004D2DCD /* Resources */,
			);
			buildRules = (
			);
			dependencies = (
			);
			name = "iOS-HW10 Rustem Usserov";
			packageProductDependencies = (
				8ABB22642B88AC54004D2DCD /* SnapKit */,
			);
			productName = "iOS-HW10 Rustem Usserov";
			productReference = 8ABB224C2B870216004D2DCD /* iOS-HW10 Rustem Usserov.app */;
			productType = "com.apple.product-type.application";
		};
/* End PBXNativeTarget section */

/* Begin PBXProject section */
		8ABB22442B870216004D2DCD /* Project object */ = {
			isa = PBXProject;
			attributes = {
				BuildIndependentTargetsInParallel = 1;
				LastSwiftUpdateCheck = 1520;
				LastUpgradeCheck = 1520;
				TargetAttributes = {
					8ABB224B2B870216004D2DCD = {
						CreatedOnToolsVersion = 15.2;
					};
				};
			};
			buildConfigurationList = 8ABB22472B870216004D2DCD /* Build configuration list for PBXProject "iOS-HW10 Rustem Usserov" */;
			compatibilityVersion = "Xcode 14.0";
			developmentRegion = en;
			hasScannedForEncodings = 0;
			knownRegions = (
				en,
				Base,
			);
			mainGroup = 8ABB22432B870216004D2DCD;
			packageReferences = (
				8ABB22632B88AC54004D2DCD /* XCRemoteSwiftPackageReference "SnapKit" */,
			);
			productRefGroup = 8ABB224D2B870216004D2DCD /* Products */;
			projectDirPath = "";
			projectRoot = "";
			targets = (
				8ABB224B2B870216004D2DCD /* iOS-HW10 Rustem Usserov */,
			);
		};
/* End PBXProject section */

/* Begin PBXResourcesBuildPhase section */
		8ABB224A2B870216004D2DCD /* Resources */ = {
			isa = PBXResourcesBuildPhase;
			buildActionMask = 2147483647;
			files = (
				8ABB22592B870217004D2DCD /* Assets.xcassets in Resources */,
				8ABB226B2B88CF1E004D2DCD /* Blinker-SemiBold.ttf in Resources */,
				8ABB22742B88E1BC004D2DCD /* Blinker-Regular.ttf in Resources */,
			);
			runOnlyForDeploymentPostprocessing = 0;
		};
/* End PBXResourcesBuildPhase section */

/* Begin PBXSourcesBuildPhase section */
		8ABB22482B870216004D2DCD /* Sources */ = {
			isa = PBXSourcesBuildPhase;
			buildActionMask = 2147483647;
			files = (
				8ABB22722B88DDC3004D2DCD /* CustomTextField.swift in Sources */,
				8ABB22542B870216004D2DCD /* ViewController.swift in Sources */,
				8ABB22502B870216004D2DCD /* AppDelegate.swift in Sources */,
				8ABB22522B870216004D2DCD /* SceneDelegate.swift in Sources */,
				8ABB22782B8922E2004D2DCD /* CustomButton.swift in Sources */,
			);
			runOnlyForDeploymentPostprocessing = 0;
		};
/* End PBXSourcesBuildPhase section */

/* Begin XCBuildConfiguration section */
		8ABB225E2B870217004D2DCD /* Debug */ = {
			isa = XCBuildConfiguration;
			buildSettings = {
				ALWAYS_SEARCH_USER_PATHS = NO;
				ASSETCATALOG_COMPILER_GENERATE_SWIFT_ASSET_SYMBOL_EXTENSIONS = YES;
				CLANG_ANALYZER_NONNULL = YES;
				CLANG_ANALYZER_NUMBER_OBJECT_CONVERSION = YES_AGGRESSIVE;
				CLANG_CXX_LANGUAGE_STANDARD = "gnu++20";
				CLANG_ENABLE_MODULES = YES;
				CLANG_ENABLE_OBJC_ARC = YES;
				CLANG_ENABLE_OBJC_WEAK = YES;
				CLANG_WARN_BLOCK_CAPTURE_AUTORELEASING = YES;
				CLANG_WARN_BOOL_CONVERSION = YES;
				CLANG_WARN_COMMA = YES;
				CLANG_WARN_CONSTANT_CONVERSION = YES;
				CLANG_WARN_DEPRECATED_OBJC_IMPLEMENTATIONS = YES;
				CLANG_WARN_DIRECT_OBJC_ISA_USAGE = YES_ERROR;
				CLANG_WARN_DOCUMENTATION_COMMENTS = YES;
				CLANG_WARN_EMPTY_BODY = YES;
				CLANG_WARN_ENUM_CONVERSION = YES;
				CLANG_WARN_INFINITE_RECURSION = YES;
				CLANG_WARN_INT_CONVERSION = YES;
				CLANG_WARN_NON_LITERAL_NULL_CONVERSION = YES;
				CLANG_WARN_OBJC_IMPLICIT_RETAIN_SELF = YES;
				CLANG_WARN_OBJC_LITERAL_CONVERSION = YES;
				CLANG_WARN_OBJC_ROOT_CLASS = YES_ERROR;
				CLANG_WARN_QUOTED_INCLUDE_IN_FRAMEWORK_HEADER = YES;
				CLANG_WARN_RANGE_LOOP_ANALYSIS = YES;
				CLANG_WARN_STRICT_PROTOTYPES = YES;
				CLANG_WARN_SUSPICIOUS_MOVE = YES;
				CLANG_WARN_UNGUARDED_AVAILABILITY = YES_AGGRESSIVE;
				CLANG_WARN_UNREACHABLE_CODE = YES;
				CLANG_WARN__DUPLICATE_METHOD_MATCH = YES;
				COPY_PHASE_STRIP = NO;
				DEBUG_INFORMATION_FORMAT = dwarf;
				ENABLE_STRICT_OBJC_MSGSEND = YES;
				ENABLE_TESTABILITY = YES;
				ENABLE_USER_SCRIPT_SANDBOXING = YES;
				GCC_C_LANGUAGE_STANDARD = gnu17;
				GCC_DYNAMIC_NO_PIC = NO;
				GCC_NO_COMMON_BLOCKS = YES;
				GCC_OPTIMIZATION_LEVEL = 0;
				GCC_PREPROCESSOR_DEFINITIONS = (
					"DEBUG=1",
					"$(inherited)",
				);
				GCC_WARN_64_TO_32_BIT_CONVERSION = YES;
				GCC_WARN_ABOUT_RETURN_TYPE = YES_ERROR;
				GCC_WARN_UNDECLARED_SELECTOR = YES;
				GCC_WARN_UNINITIALIZED_AUTOS = YES_AGGRESSIVE;
				GCC_WARN_UNUSED_FUNCTION = YES;
				GCC_WARN_UNUSED_VARIABLE = YES;
				IPHONEOS_DEPLOYMENT_TARGET = 15.0;
				LOCALIZATION_PREFERS_STRING_CATALOGS = YES;
				MTL_ENABLE_DEBUG_INFO = INCLUDE_SOURCE;
				MTL_FAST_MATH = YES;
				ONLY_ACTIVE_ARCH = YES;
				SDKROOT = iphoneos;
				SWIFT_ACTIVE_COMPILATION_CONDITIONS = "DEBUG $(inherited)";
				SWIFT_OPTIMIZATION_LEVEL = "-Onone";
			};
			name = Debug;
		};
		8ABB225F2B870217004D2DCD /* Release */ = {
			isa = XCBuildConfiguration;
			buildSettings = {
				ALWAYS_SEARCH_USER_PATHS = NO;
				ASSETCATALOG_COMPILER_GENERATE_SWIFT_ASSET_SYMBOL_EXTENSIONS = YES;
				CLANG_ANALYZER_NONNULL = YES;
				CLANG_ANALYZER_NUMBER_OBJECT_CONVERSION = YES_AGGRESSIVE;
				CLANG_CXX_LANGUAGE_STANDARD = "gnu++20";
				CLANG_ENABLE_MODULES = YES;
				CLANG_ENABLE_OBJC_ARC = YES;
				CLANG_ENABLE_OBJC_WEAK = YES;
				CLANG_WARN_BLOCK_CAPTURE_AUTORELEASING = YES;
				CLANG_WARN_BOOL_CONVERSION = YES;
				CLANG_WARN_COMMA = YES;
				CLANG_WARN_CONSTANT_CONVERSION = YES;
				CLANG_WARN_DEPRECATED_OBJC_IMPLEMENTATIONS = YES;
				CLANG_WARN_DIRECT_OBJC_ISA_USAGE = YES_ERROR;
				CLANG_WARN_DOCUMENTATION_COMMENTS = YES;
				CLANG_WARN_EMPTY_BODY = YES;
				CLANG_WARN_ENUM_CONVERSION = YES;
				CLANG_WARN_INFINITE_RECURSION = YES;
				CLANG_WARN_INT_CONVERSION = YES;
				CLANG_WARN_NON_LITERAL_NULL_CONVERSION = YES;
				CLANG_WARN_OBJC_IMPLICIT_RETAIN_SELF = YES;
				CLANG_WARN_OBJC_LITERAL_CONVERSION = YES;
				CLANG_WARN_OBJC_ROOT_CLASS = YES_ERROR;
				CLANG_WARN_QUOTED_INCLUDE_IN_FRAMEWORK_HEADER = YES;
				CLANG_WARN_RANGE_LOOP_ANALYSIS = YES;
				CLANG_WARN_STRICT_PROTOTYPES = YES;
				CLANG_WARN_SUSPICIOUS_MOVE = YES;
				CLANG_WARN_UNGUARDED_AVAILABILITY = YES_AGGRESSIVE;
				CLANG_WARN_UNREACHABLE_CODE = YES;
				CLANG_WARN__DUPLICATE_METHOD_MATCH = YES;
				COPY_PHASE_STRIP = NO;
				DEBUG_INFORMATION_FORMAT = "dwarf-with-dsym";
				ENABLE_NS_ASSERTIONS = NO;
				ENABLE_STRICT_OBJC_MSGSEND = YES;
				ENABLE_USER_SCRIPT_SANDBOXING = YES;
				GCC_C_LANGUAGE_STANDARD = gnu17;
				GCC_NO_COMMON_BLOCKS = YES;
				GCC_WARN_64_TO_32_BIT_CONVERSION = YES;
				GCC_WARN_ABOUT_RETURN_TYPE = YES_ERROR;
				GCC_WARN_UNDECLARED_SELECTOR = YES;
				GCC_WARN_UNINITIALIZED_AUTOS = YES_AGGRESSIVE;
				GCC_WARN_UNUSED_FUNCTION = YES;
				GCC_WARN_UNUSED_VARIABLE = YES;
				IPHONEOS_DEPLOYMENT_TARGET = 15.0;
				LOCALIZATION_PREFERS_STRING_CATALOGS = YES;
				MTL_ENABLE_DEBUG_INFO = NO;
				MTL_FAST_MATH = YES;
				SDKROOT = iphoneos;
				SWIFT_COMPILATION_MODE = wholemodule;
				VALIDATE_PRODUCT = YES;
			};
			name = Release;
		};
		8ABB22612B870217004D2DCD /* Debug */ = {
			isa = XCBuildConfiguration;
			buildSettings = {
				ASSETCATALOG_COMPILER_APPICON_NAME = AppIcon;
				ASSETCATALOG_COMPILER_GLOBAL_ACCENT_COLOR_NAME = AccentColor;
				CODE_SIGN_STYLE = Automatic;
				CURRENT_PROJECT_VERSION = 1;
				DEVELOPMENT_TEAM = 975T5UPPNL;
				GENERATE_INFOPLIST_FILE = YES;
				INFOPLIST_FILE = "iOS-HW10 Rustem Usserov/Info.plist";
				INFOPLIST_KEY_UIApplicationSupportsIndirectInputEvents = YES;
				INFOPLIST_KEY_UILaunchStoryboardName = LaunchScreen;
				INFOPLIST_KEY_UISupportedInterfaceOrientations_iPad = "UIInterfaceOrientationPortrait UIInterfaceOrientationPortraitUpsideDown UIInterfaceOrientationLandscapeLeft UIInterfaceOrientationLandscapeRight";
				INFOPLIST_KEY_UISupportedInterfaceOrientations_iPhone = "UIInterfaceOrientationPortrait UIInterfaceOrientationLandscapeLeft UIInterfaceOrientationLandscapeRight";
				LD_RUNPATH_SEARCH_PATHS = (
					"$(inherited)",
					"@executable_path/Frameworks",
				);
				MARKETING_VERSION = 1.0;
				PRODUCT_BUNDLE_IDENTIFIER = "-.iOS-HW10-Rustem-Usserov";
				PRODUCT_NAME = "$(TARGET_NAME)";
				SWIFT_EMIT_LOC_STRINGS = YES;
				SWIFT_VERSION = 5.0;
				TARGETED_DEVICE_FAMILY = "1,2";
			};
			name = Debug;
		};
		8ABB22622B870217004D2DCD /* Release */ = {
			isa = XCBuildConfiguration;
			buildSettings = {
				ASSETCATALOG_COMPILER_APPICON_NAME = AppIcon;
				ASSETCATALOG_COMPILER_GLOBAL_ACCENT_COLOR_NAME = AccentColor;
				CODE_SIGN_STYLE = Automatic;
				CURRENT_PROJECT_VERSION = 1;
				DEVELOPMENT_TEAM = 975T5UPPNL;
				GENERATE_INFOPLIST_FILE = YES;
				INFOPLIST_FILE = "iOS-HW10 Rustem Usserov/Info.plist";
				INFOPLIST_KEY_UIApplicationSupportsIndirectInputEvents = YES;
				INFOPLIST_KEY_UILaunchStoryboardName = LaunchScreen;
				INFOPLIST_KEY_UISupportedInterfaceOrientations_iPad = "UIInterfaceOrientationPortrait UIInterfaceOrientationPortraitUpsideDown UIInterfaceOrientationLandscapeLeft UIInterfaceOrientationLandscapeRight";
				INFOPLIST_KEY_UISupportedInterfaceOrientations_iPhone = "UIInterfaceOrientationPortrait UIInterfaceOrientationLandscapeLeft UIInterfaceOrientationLandscapeRight";
				LD_RUNPATH_SEARCH_PATHS = (
					"$(inherited)",
					"@executable_path/Frameworks",
				);
				MARKETING_VERSION = 1.0;
				PRODUCT_BUNDLE_IDENTIFIER = "-.iOS-HW10-Rustem-Usserov";
				PRODUCT_NAME = "$(TARGET_NAME)";
				SWIFT_EMIT_LOC_STRINGS = YES;
				SWIFT_VERSION = 5.0;
				TARGETED_DEVICE_FAMILY = "1,2";
			};
			name = Release;
		};
/* End XCBuildConfiguration section */

/* Begin XCConfigurationList section */
		8ABB22472B870216004D2DCD /* Build configuration list for PBXProject "iOS-HW10 Rustem Usserov" */ = {
			isa = XCConfigurationList;
			buildConfigurations = (
				8ABB225E2B870217004D2DCD /* Debug */,
				8ABB225F2B870217004D2DCD /* Release */,
			);
			defaultConfigurationIsVisible = 0;
			defaultConfigurationName = Release;
		};
		8ABB22602B870217004D2DCD /* Build configuration list for PBXNativeTarget "iOS-HW10 Rustem Usserov" */ = {
			isa = XCConfigurationList;
			buildConfigurations = (
				8ABB22612B870217004D2DCD /* Debug */,
				8ABB22622B870217004D2DCD /* Release */,
			);
			defaultConfigurationIsVisible = 0;
			defaultConfigurationName = Release;
		};
/* End XCConfigurationList section */

/* Begin XCRemoteSwiftPackageReference section */
		8ABB22632B88AC54004D2DCD /* XCRemoteSwiftPackageReference "SnapKit" */ = {
			isa = XCRemoteSwiftPackageReference;
			repositoryURL = "https://github.com/SnapKit/SnapKit";
			requirement = {
				kind = upToNextMajorVersion;
				minimumVersion = 5.7.1;
			};
		};
/* End XCRemoteSwiftPackageReference section */

/* Begin XCSwiftPackageProductDependency section */
		8ABB22642B88AC54004D2DCD /* SnapKit */ = {
			isa = XCSwiftPackageProductDependency;
			package = 8ABB22632B88AC54004D2DCD /* XCRemoteSwiftPackageReference "SnapKit" */;
			productName = SnapKit;
		};
/* End XCSwiftPackageProductDependency section */
	};
	rootObject = 8ABB22442B870216004D2DCD /* Project object */;
}
